
Microsoft Visual Studio Solution File, Format Version 12.00
Project("{FAE04EC0-301F-11D3-BF4B-00C04F79EFBC}") = "TurntablTowers", "TurntablTowers\TurntablTowers.csproj", "{191E35F6-6E33-48D7-A408-12418DD7F74F}"
EndProject
Global
	GlobalSection(SolutionConfigurationPlatforms) = preSolution
		Debug|Any CPU = Debug|Any CPU
		Release|Any CPU = Release|Any CPU
	EndGlobalSection
	GlobalSection(ProjectConfigurationPlatforms) = postSolution
		{191E35F6-6E33-48D7-A408-12418DD7F74F}.Debug|Any CPU.ActiveCfg = Debug|Any CPU
		{191E35F6-6E33-48D7-A408-12418DD7F74F}.Debug|Any CPU.Build.0 = Debug|Any CPU
		{191E35F6-6E33-48D7-A408-12418DD7F74F}.Release|Any CPU.ActiveCfg = Release|Any CPU
		{191E35F6-6E33-48D7-A408-12418DD7F74F}.Release|Any CPU.Build.0 = Release|Any CPU
	EndGlobalSection
EndGlobal
